// !$*UTF8*$!
{
	archiveVersion = 1;
	classes = {
	};
	objectVersion = 46;
	objects = {

/* Begin PBXAggregateTarget section */
		"Node::NodePackageTests::ProductTarget" /* NodePackageTests */ = {
			isa = PBXAggregateTarget;
			buildConfigurationList = OBJ_336 /* Build configuration list for PBXAggregateTarget "NodePackageTests" */;
			buildPhases = (
			);
			dependencies = (
				OBJ_339 /* PBXTargetDependency */,
				OBJ_340 /* PBXTargetDependency */,
			);
			name = NodePackageTests;
			productName = NodePackageTests;
		};
/* End PBXAggregateTarget section */

/* Begin PBXBuildFile section */
		OBJ_166 /* BasicConvertibleTests.swift in Sources */ = {isa = PBXBuildFile; fileRef = OBJ_62 /* BasicConvertibleTests.swift */; };
		OBJ_167 /* DictionaryKeyPathTests.swift in Sources */ = {isa = PBXBuildFile; fileRef = OBJ_63 /* DictionaryKeyPathTests.swift */; };
		OBJ_168 /* NodeBackedTests.swift in Sources */ = {isa = PBXBuildFile; fileRef = OBJ_64 /* NodeBackedTests.swift */; };
		OBJ_169 /* NodeDataTypeTests.swift in Sources */ = {isa = PBXBuildFile; fileRef = OBJ_65 /* NodeDataTypeTests.swift */; };
		OBJ_170 /* NodeGetterTests.swift in Sources */ = {isa = PBXBuildFile; fileRef = OBJ_66 /* NodeGetterTests.swift */; };
		OBJ_171 /* NodeIndexableTests.swift in Sources */ = {isa = PBXBuildFile; fileRef = OBJ_67 /* NodeIndexableTests.swift */; };
		OBJ_172 /* NodePolymorphicTests.swift in Sources */ = {isa = PBXBuildFile; fileRef = OBJ_68 /* NodePolymorphicTests.swift */; };
		OBJ_173 /* NodeTests.swift in Sources */ = {isa = PBXBuildFile; fileRef = OBJ_69 /* NodeTests.swift */; };
		OBJ_174 /* NumberTests.swift in Sources */ = {isa = PBXBuildFile; fileRef = OBJ_70 /* NumberTests.swift */; };
		OBJ_175 /* SequenceConvertibleTests.swift in Sources */ = {isa = PBXBuildFile; fileRef = OBJ_71 /* SequenceConvertibleTests.swift */; };
		OBJ_176 /* SettersTests.swift in Sources */ = {isa = PBXBuildFile; fileRef = OBJ_72 /* SettersTests.swift */; };
		OBJ_178 /* Node.framework in Frameworks */ = {isa = PBXBuildFile; fileRef = "Node::Node::Product" /* Node.framework */; };
		OBJ_179 /* Core.framework in Frameworks */ = {isa = PBXBuildFile; fileRef = "Core::Core::Product" /* Core.framework */; };
		OBJ_180 /* Debugging.framework in Frameworks */ = {isa = PBXBuildFile; fileRef = "Debugging::Debugging::Product" /* Debugging.framework */; };
		OBJ_181 /* libc.framework in Frameworks */ = {isa = PBXBuildFile; fileRef = "Core::libc::Product" /* libc.framework */; };
		OBJ_182 /* Bits.framework in Frameworks */ = {isa = PBXBuildFile; fileRef = "Bits::Bits::Product" /* Bits.framework */; };
		OBJ_183 /* PathIndexable.framework in Frameworks */ = {isa = PBXBuildFile; fileRef = "Node::PathIndexable::Product" /* PathIndexable.framework */; };
		OBJ_201 /* PathIndexableTests.swift in Sources */ = {isa = PBXBuildFile; fileRef = OBJ_60 /* PathIndexableTests.swift */; };
		OBJ_203 /* PathIndexable.framework in Frameworks */ = {isa = PBXBuildFile; fileRef = "Node::PathIndexable::Product" /* PathIndexable.framework */; };
		OBJ_209 /* Getters.swift in Sources */ = {isa = PBXBuildFile; fileRef = OBJ_13 /* Getters.swift */; };
		OBJ_210 /* Setters.swift in Sources */ = {isa = PBXBuildFile; fileRef = OBJ_14 /* Setters.swift */; };
		OBJ_211 /* Bool+Convertible.swift in Sources */ = {isa = PBXBuildFile; fileRef = OBJ_16 /* Bool+Convertible.swift */; };
		OBJ_212 /* Date+Convertible.swift in Sources */ = {isa = PBXBuildFile; fileRef = OBJ_17 /* Date+Convertible.swift */; };
		OBJ_213 /* FloatingPoint+Convertible.swift in Sources */ = {isa = PBXBuildFile; fileRef = OBJ_18 /* FloatingPoint+Convertible.swift */; };
		OBJ_214 /* Integer+Convertible.swift in Sources */ = {isa = PBXBuildFile; fileRef = OBJ_19 /* Integer+Convertible.swift */; };
		OBJ_215 /* Schema+Convertible.swift in Sources */ = {isa = PBXBuildFile; fileRef = OBJ_20 /* Schema+Convertible.swift */; };
		OBJ_216 /* SchemaWrapper+Convertible.swift in Sources */ = {isa = PBXBuildFile; fileRef = OBJ_21 /* SchemaWrapper+Convertible.swift */; };
		OBJ_217 /* String+Convertible.swift in Sources */ = {isa = PBXBuildFile; fileRef = OBJ_22 /* String+Convertible.swift */; };
		OBJ_218 /* UUID+Convertible.swift in Sources */ = {isa = PBXBuildFile; fileRef = OBJ_23 /* UUID+Convertible.swift */; };
		OBJ_219 /* UnsignedInteger+Convertible.swift in Sources */ = {isa = PBXBuildFile; fileRef = OBJ_24 /* UnsignedInteger+Convertible.swift */; };
		OBJ_220 /* Context.swift in Sources */ = {isa = PBXBuildFile; fileRef = OBJ_26 /* Context.swift */; };
		OBJ_221 /* Node.swift in Sources */ = {isa = PBXBuildFile; fileRef = OBJ_27 /* Node.swift */; };
		OBJ_222 /* NodeConvertible.swift in Sources */ = {isa = PBXBuildFile; fileRef = OBJ_28 /* NodeConvertible.swift */; };
		OBJ_223 /* NodeInitializable.swift in Sources */ = {isa = PBXBuildFile; fileRef = OBJ_29 /* NodeInitializable.swift */; };
		OBJ_224 /* NodeRepresentable.swift in Sources */ = {isa = PBXBuildFile; fileRef = OBJ_30 /* NodeRepresentable.swift */; };
		OBJ_225 /* Array+Convertible.swift in Sources */ = {isa = PBXBuildFile; fileRef = OBJ_32 /* Array+Convertible.swift */; };
		OBJ_226 /* Dictionary+Convertible.swift in Sources */ = {isa = PBXBuildFile; fileRef = OBJ_33 /* Dictionary+Convertible.swift */; };
		OBJ_227 /* Fuzzy+Any.swift in Sources */ = {isa = PBXBuildFile; fileRef = OBJ_34 /* Fuzzy+Any.swift */; };
		OBJ_228 /* FuzzyConverter.swift in Sources */ = {isa = PBXBuildFile; fileRef = OBJ_35 /* FuzzyConverter.swift */; };
		OBJ_229 /* Optional+Convertible.swift in Sources */ = {isa = PBXBuildFile; fileRef = OBJ_36 /* Optional+Convertible.swift */; };
		OBJ_230 /* Set+Convertible.swift in Sources */ = {isa = PBXBuildFile; fileRef = OBJ_37 /* Set+Convertible.swift */; };
		OBJ_231 /* Number.swift in Sources */ = {isa = PBXBuildFile; fileRef = OBJ_39 /* Number.swift */; };
		OBJ_232 /* StructuredData+Equatable.swift in Sources */ = {isa = PBXBuildFile; fileRef = OBJ_41 /* StructuredData+Equatable.swift */; };
		OBJ_233 /* StructuredData+Init.swift in Sources */ = {isa = PBXBuildFile; fileRef = OBJ_42 /* StructuredData+Init.swift */; };
		OBJ_234 /* StructuredData+PathIndexable.swift in Sources */ = {isa = PBXBuildFile; fileRef = OBJ_43 /* StructuredData+PathIndexable.swift */; };
		OBJ_235 /* StructuredData+Polymorphic.swift in Sources */ = {isa = PBXBuildFile; fileRef = OBJ_44 /* StructuredData+Polymorphic.swift */; };
		OBJ_236 /* StructuredData.swift in Sources */ = {isa = PBXBuildFile; fileRef = OBJ_45 /* StructuredData.swift */; };
		OBJ_237 /* StructuredDataWrapper+Cases.swift in Sources */ = {isa = PBXBuildFile; fileRef = OBJ_47 /* StructuredDataWrapper+Cases.swift */; };
		OBJ_238 /* StructuredDataWrapper+Convenience.swift in Sources */ = {isa = PBXBuildFile; fileRef = OBJ_48 /* StructuredDataWrapper+Convenience.swift */; };
		OBJ_239 /* StructuredDataWrapper+Equatable.swift in Sources */ = {isa = PBXBuildFile; fileRef = OBJ_49 /* StructuredDataWrapper+Equatable.swift */; };
		OBJ_240 /* StructuredDataWrapper+Literals.swift in Sources */ = {isa = PBXBuildFile; fileRef = OBJ_50 /* StructuredDataWrapper+Literals.swift */; };
		OBJ_241 /* StructuredDataWrapper+PathIndexable.swift in Sources */ = {isa = PBXBuildFile; fileRef = OBJ_51 /* StructuredDataWrapper+PathIndexable.swift */; };
		OBJ_242 /* StructuredDataWrapper+Polymorphic.swift in Sources */ = {isa = PBXBuildFile; fileRef = OBJ_52 /* StructuredDataWrapper+Polymorphic.swift */; };
		OBJ_243 /* StructuredDataWrapper.swift in Sources */ = {isa = PBXBuildFile; fileRef = OBJ_53 /* StructuredDataWrapper.swift */; };
		OBJ_244 /* Errors.swift in Sources */ = {isa = PBXBuildFile; fileRef = OBJ_55 /* Errors.swift */; };
		OBJ_245 /* Exports.swift in Sources */ = {isa = PBXBuildFile; fileRef = OBJ_56 /* Exports.swift */; };
		OBJ_246 /* Identifier.swift in Sources */ = {isa = PBXBuildFile; fileRef = OBJ_57 /* Identifier.swift */; };
		OBJ_248 /* Core.framework in Frameworks */ = {isa = PBXBuildFile; fileRef = "Core::Core::Product" /* Core.framework */; };
		OBJ_249 /* Debugging.framework in Frameworks */ = {isa = PBXBuildFile; fileRef = "Debugging::Debugging::Product" /* Debugging.framework */; };
		OBJ_250 /* libc.framework in Frameworks */ = {isa = PBXBuildFile; fileRef = "Core::libc::Product" /* libc.framework */; };
		OBJ_251 /* Bits.framework in Frameworks */ = {isa = PBXBuildFile; fileRef = "Bits::Bits::Product" /* Bits.framework */; };
		OBJ_252 /* PathIndexable.framework in Frameworks */ = {isa = PBXBuildFile; fileRef = "Node::PathIndexable::Product" /* PathIndexable.framework */; };
		OBJ_286 /* Debugging.framework in Frameworks */ = {isa = PBXBuildFile; fileRef = "Debugging::Debugging::Product" /* Debugging.framework */; };
		OBJ_287 /* Bits.framework in Frameworks */ = {isa = PBXBuildFile; fileRef = "Bits::Bits::Product" /* Bits.framework */; };
		OBJ_288 /* libc.framework in Frameworks */ = {isa = PBXBuildFile; fileRef = "Core::libc::Product" /* libc.framework */; };
		OBJ_332 /* PathIndexable+Subscripting.swift in Sources */ = {isa = PBXBuildFile; fileRef = OBJ_9 /* PathIndexable+Subscripting.swift */; };
		OBJ_333 /* PathIndexable.swift in Sources */ = {isa = PBXBuildFile; fileRef = OBJ_10 /* PathIndexable.swift */; };
/* End PBXBuildFile section */

/* Begin PBXContainerItemProxy section */
		0480A8081F8522E200204C4F /* PBXContainerItemProxy */ = {
			isa = PBXContainerItemProxy;
			containerPortal = OBJ_1 /* Project object */;
			proxyType = 1;
			remoteGlobalIDString = "Core::Core";
			remoteInfo = Core;
		};
		0480A8091F8522E200204C4F /* PBXContainerItemProxy */ = {
			isa = PBXContainerItemProxy;
			containerPortal = OBJ_1 /* Project object */;
			proxyType = 1;
			remoteGlobalIDString = "Debugging::Debugging";
			remoteInfo = Debugging;
		};
		0480A80A1F8522E200204C4F /* PBXContainerItemProxy */ = {
			isa = PBXContainerItemProxy;
			containerPortal = OBJ_1 /* Project object */;
			proxyType = 1;
			remoteGlobalIDString = "Bits::Bits";
			remoteInfo = Bits;
		};
		0480A80B1F8522E200204C4F /* PBXContainerItemProxy */ = {
			isa = PBXContainerItemProxy;
			containerPortal = OBJ_1 /* Project object */;
			proxyType = 1;
			remoteGlobalIDString = "Core::libc";
			remoteInfo = libc;
		};
		0480A80C1F8522E200204C4F /* PBXContainerItemProxy */ = {
			isa = PBXContainerItemProxy;
			containerPortal = OBJ_1 /* Project object */;
			proxyType = 1;
			remoteGlobalIDString = "Debugging::Debugging";
			remoteInfo = Debugging;
		};
		0480A80D1F8522E200204C4F /* PBXContainerItemProxy */ = {
			isa = PBXContainerItemProxy;
			containerPortal = OBJ_1 /* Project object */;
			proxyType = 1;
			remoteGlobalIDString = "Core::libc";
			remoteInfo = libc;
		};
		0480A80E1F8522E200204C4F /* PBXContainerItemProxy */ = {
			isa = PBXContainerItemProxy;
			containerPortal = OBJ_1 /* Project object */;
			proxyType = 1;
			remoteGlobalIDString = "Bits::Bits";
			remoteInfo = Bits;
		};
		0480A80F1F8522E200204C4F /* PBXContainerItemProxy */ = {
			isa = PBXContainerItemProxy;
			containerPortal = OBJ_1 /* Project object */;
			proxyType = 1;
			remoteGlobalIDString = "Node::PathIndexable";
			remoteInfo = PathIndexable;
		};
		0480A8101F8522E200204C4F /* PBXContainerItemProxy */ = {
			isa = PBXContainerItemProxy;
			containerPortal = OBJ_1 /* Project object */;
			proxyType = 1;
			remoteGlobalIDString = "Node::Node";
			remoteInfo = Node;
		};
		0480A8111F8522E200204C4F /* PBXContainerItemProxy */ = {
			isa = PBXContainerItemProxy;
			containerPortal = OBJ_1 /* Project object */;
			proxyType = 1;
			remoteGlobalIDString = "Core::Core";
			remoteInfo = Core;
		};
		0480A8121F8522E200204C4F /* PBXContainerItemProxy */ = {
			isa = PBXContainerItemProxy;
			containerPortal = OBJ_1 /* Project object */;
			proxyType = 1;
			remoteGlobalIDString = "Debugging::Debugging";
			remoteInfo = Debugging;
		};
		0480A8131F8522E200204C4F /* PBXContainerItemProxy */ = {
			isa = PBXContainerItemProxy;
			containerPortal = OBJ_1 /* Project object */;
			proxyType = 1;
			remoteGlobalIDString = "Core::libc";
			remoteInfo = libc;
		};
		0480A8141F8522E200204C4F /* PBXContainerItemProxy */ = {
			isa = PBXContainerItemProxy;
			containerPortal = OBJ_1 /* Project object */;
			proxyType = 1;
			remoteGlobalIDString = "Bits::Bits";
			remoteInfo = Bits;
		};
		0480A8151F8522E200204C4F /* PBXContainerItemProxy */ = {
			isa = PBXContainerItemProxy;
			containerPortal = OBJ_1 /* Project object */;
			proxyType = 1;
			remoteGlobalIDString = "Node::PathIndexable";
			remoteInfo = PathIndexable;
		};
		0480A8161F8522E200204C4F /* PBXContainerItemProxy */ = {
			isa = PBXContainerItemProxy;
			containerPortal = OBJ_1 /* Project object */;
			proxyType = 1;
			remoteGlobalIDString = "Node::PathIndexable";
			remoteInfo = PathIndexable;
		};
		0480A8171F8522E400204C4F /* PBXContainerItemProxy */ = {
			isa = PBXContainerItemProxy;
			containerPortal = OBJ_1 /* Project object */;
			proxyType = 1;
			remoteGlobalIDString = "Node::PathIndexableTests";
			remoteInfo = PathIndexableTests;
		};
		0480A8181F8522E400204C4F /* PBXContainerItemProxy */ = {
			isa = PBXContainerItemProxy;
			containerPortal = OBJ_1 /* Project object */;
			proxyType = 1;
			remoteGlobalIDString = "Node::NodeTests";
			remoteInfo = NodeTests;
		};
/* End PBXContainerItemProxy section */

/* Begin PBXFileReference section */
		"Bits::Bits::Product" /* Bits.framework */ = {isa = PBXFileReference; explicitFileType = wrapper.framework; path = Bits.framework; sourceTree = BUILT_PRODUCTS_DIR; };
		"Core::Core::Product" /* Core.framework */ = {isa = PBXFileReference; explicitFileType = wrapper.framework; path = Core.framework; sourceTree = BUILT_PRODUCTS_DIR; };
		"Core::libc::Product" /* libc.framework */ = {isa = PBXFileReference; explicitFileType = wrapper.framework; path = libc.framework; sourceTree = BUILT_PRODUCTS_DIR; };
		"Debugging::Debugging::Product" /* Debugging.framework */ = {isa = PBXFileReference; explicitFileType = wrapper.framework; path = Debugging.framework; sourceTree = BUILT_PRODUCTS_DIR; };
		"Node::Node::Product" /* Node.framework */ = {isa = PBXFileReference; explicitFileType = wrapper.framework; path = Node.framework; sourceTree = BUILT_PRODUCTS_DIR; };
		"Node::NodeTests::Product" /* NodeTests.xctest */ = {isa = PBXFileReference; explicitFileType = wrapper.cfbundle; path = NodeTests.xctest; sourceTree = BUILT_PRODUCTS_DIR; };
		"Node::PathIndexable::Product" /* PathIndexable.framework */ = {isa = PBXFileReference; explicitFileType = wrapper.framework; path = PathIndexable.framework; sourceTree = BUILT_PRODUCTS_DIR; };
		"Node::PathIndexableTests::Product" /* PathIndexableTests.xctest */ = {isa = PBXFileReference; lastKnownFileType = file; path = PathIndexableTests.xctest; sourceTree = BUILT_PRODUCTS_DIR; };
		OBJ_10 /* PathIndexable.swift */ = {isa = PBXFileReference; lastKnownFileType = sourcecode.swift; path = PathIndexable.swift; sourceTree = "<group>"; };
		OBJ_13 /* Getters.swift */ = {isa = PBXFileReference; lastKnownFileType = sourcecode.swift; path = Getters.swift; sourceTree = "<group>"; };
		OBJ_14 /* Setters.swift */ = {isa = PBXFileReference; lastKnownFileType = sourcecode.swift; path = Setters.swift; sourceTree = "<group>"; };
		OBJ_16 /* Bool+Convertible.swift */ = {isa = PBXFileReference; lastKnownFileType = sourcecode.swift; path = "Bool+Convertible.swift"; sourceTree = "<group>"; };
		OBJ_17 /* Date+Convertible.swift */ = {isa = PBXFileReference; lastKnownFileType = sourcecode.swift; path = "Date+Convertible.swift"; sourceTree = "<group>"; };
		OBJ_18 /* FloatingPoint+Convertible.swift */ = {isa = PBXFileReference; lastKnownFileType = sourcecode.swift; path = "FloatingPoint+Convertible.swift"; sourceTree = "<group>"; };
		OBJ_19 /* Integer+Convertible.swift */ = {isa = PBXFileReference; lastKnownFileType = sourcecode.swift; path = "Integer+Convertible.swift"; sourceTree = "<group>"; };
		OBJ_20 /* Schema+Convertible.swift */ = {isa = PBXFileReference; lastKnownFileType = sourcecode.swift; path = "Schema+Convertible.swift"; sourceTree = "<group>"; };
		OBJ_21 /* SchemaWrapper+Convertible.swift */ = {isa = PBXFileReference; lastKnownFileType = sourcecode.swift; path = "SchemaWrapper+Convertible.swift"; sourceTree = "<group>"; };
		OBJ_22 /* String+Convertible.swift */ = {isa = PBXFileReference; lastKnownFileType = sourcecode.swift; path = "String+Convertible.swift"; sourceTree = "<group>"; };
		OBJ_23 /* UUID+Convertible.swift */ = {isa = PBXFileReference; lastKnownFileType = sourcecode.swift; path = "UUID+Convertible.swift"; sourceTree = "<group>"; };
		OBJ_24 /* UnsignedInteger+Convertible.swift */ = {isa = PBXFileReference; lastKnownFileType = sourcecode.swift; path = "UnsignedInteger+Convertible.swift"; sourceTree = "<group>"; };
		OBJ_26 /* Context.swift */ = {isa = PBXFileReference; lastKnownFileType = sourcecode.swift; path = Context.swift; sourceTree = "<group>"; };
		OBJ_27 /* Node.swift */ = {isa = PBXFileReference; lastKnownFileType = sourcecode.swift; path = Node.swift; sourceTree = "<group>"; };
		OBJ_28 /* NodeConvertible.swift */ = {isa = PBXFileReference; lastKnownFileType = sourcecode.swift; path = NodeConvertible.swift; sourceTree = "<group>"; };
		OBJ_29 /* NodeInitializable.swift */ = {isa = PBXFileReference; lastKnownFileType = sourcecode.swift; path = NodeInitializable.swift; sourceTree = "<group>"; };
		OBJ_30 /* NodeRepresentable.swift */ = {isa = PBXFileReference; lastKnownFileType = sourcecode.swift; path = NodeRepresentable.swift; sourceTree = "<group>"; };
		OBJ_32 /* Array+Convertible.swift */ = {isa = PBXFileReference; lastKnownFileType = sourcecode.swift; path = "Array+Convertible.swift"; sourceTree = "<group>"; };
		OBJ_33 /* Dictionary+Convertible.swift */ = {isa = PBXFileReference; lastKnownFileType = sourcecode.swift; path = "Dictionary+Convertible.swift"; sourceTree = "<group>"; };
		OBJ_34 /* Fuzzy+Any.swift */ = {isa = PBXFileReference; lastKnownFileType = sourcecode.swift; path = "Fuzzy+Any.swift"; sourceTree = "<group>"; };
		OBJ_35 /* FuzzyConverter.swift */ = {isa = PBXFileReference; lastKnownFileType = sourcecode.swift; path = FuzzyConverter.swift; sourceTree = "<group>"; };
		OBJ_36 /* Optional+Convertible.swift */ = {isa = PBXFileReference; lastKnownFileType = sourcecode.swift; path = "Optional+Convertible.swift"; sourceTree = "<group>"; };
		OBJ_37 /* Set+Convertible.swift */ = {isa = PBXFileReference; lastKnownFileType = sourcecode.swift; path = "Set+Convertible.swift"; sourceTree = "<group>"; };
		OBJ_39 /* Number.swift */ = {isa = PBXFileReference; lastKnownFileType = sourcecode.swift; path = Number.swift; sourceTree = "<group>"; };
		OBJ_41 /* StructuredData+Equatable.swift */ = {isa = PBXFileReference; lastKnownFileType = sourcecode.swift; path = "StructuredData+Equatable.swift"; sourceTree = "<group>"; };
		OBJ_42 /* StructuredData+Init.swift */ = {isa = PBXFileReference; lastKnownFileType = sourcecode.swift; path = "StructuredData+Init.swift"; sourceTree = "<group>"; };
		OBJ_43 /* StructuredData+PathIndexable.swift */ = {isa = PBXFileReference; lastKnownFileType = sourcecode.swift; path = "StructuredData+PathIndexable.swift"; sourceTree = "<group>"; };
		OBJ_44 /* StructuredData+Polymorphic.swift */ = {isa = PBXFileReference; lastKnownFileType = sourcecode.swift; path = "StructuredData+Polymorphic.swift"; sourceTree = "<group>"; };
		OBJ_45 /* StructuredData.swift */ = {isa = PBXFileReference; lastKnownFileType = sourcecode.swift; path = StructuredData.swift; sourceTree = "<group>"; };
		OBJ_47 /* StructuredDataWrapper+Cases.swift */ = {isa = PBXFileReference; lastKnownFileType = sourcecode.swift; path = "StructuredDataWrapper+Cases.swift"; sourceTree = "<group>"; };
		OBJ_48 /* StructuredDataWrapper+Convenience.swift */ = {isa = PBXFileReference; lastKnownFileType = sourcecode.swift; path = "StructuredDataWrapper+Convenience.swift"; sourceTree = "<group>"; };
		OBJ_49 /* StructuredDataWrapper+Equatable.swift */ = {isa = PBXFileReference; lastKnownFileType = sourcecode.swift; path = "StructuredDataWrapper+Equatable.swift"; sourceTree = "<group>"; };
		OBJ_50 /* StructuredDataWrapper+Literals.swift */ = {isa = PBXFileReference; lastKnownFileType = sourcecode.swift; path = "StructuredDataWrapper+Literals.swift"; sourceTree = "<group>"; };
		OBJ_51 /* StructuredDataWrapper+PathIndexable.swift */ = {isa = PBXFileReference; lastKnownFileType = sourcecode.swift; path = "StructuredDataWrapper+PathIndexable.swift"; sourceTree = "<group>"; };
		OBJ_52 /* StructuredDataWrapper+Polymorphic.swift */ = {isa = PBXFileReference; lastKnownFileType = sourcecode.swift; path = "StructuredDataWrapper+Polymorphic.swift"; sourceTree = "<group>"; };
		OBJ_53 /* StructuredDataWrapper.swift */ = {isa = PBXFileReference; lastKnownFileType = sourcecode.swift; path = StructuredDataWrapper.swift; sourceTree = "<group>"; };
		OBJ_55 /* Errors.swift */ = {isa = PBXFileReference; lastKnownFileType = sourcecode.swift; path = Errors.swift; sourceTree = "<group>"; };
		OBJ_56 /* Exports.swift */ = {isa = PBXFileReference; lastKnownFileType = sourcecode.swift; path = Exports.swift; sourceTree = "<group>"; };
		OBJ_57 /* Identifier.swift */ = {isa = PBXFileReference; lastKnownFileType = sourcecode.swift; path = Identifier.swift; sourceTree = "<group>"; };
		OBJ_60 /* PathIndexableTests.swift */ = {isa = PBXFileReference; lastKnownFileType = sourcecode.swift; path = PathIndexableTests.swift; sourceTree = "<group>"; };
		OBJ_62 /* BasicConvertibleTests.swift */ = {isa = PBXFileReference; lastKnownFileType = sourcecode.swift; path = BasicConvertibleTests.swift; sourceTree = "<group>"; };
		OBJ_63 /* DictionaryKeyPathTests.swift */ = {isa = PBXFileReference; lastKnownFileType = sourcecode.swift; path = DictionaryKeyPathTests.swift; sourceTree = "<group>"; };
		OBJ_64 /* NodeBackedTests.swift */ = {isa = PBXFileReference; lastKnownFileType = sourcecode.swift; path = NodeBackedTests.swift; sourceTree = "<group>"; };
		OBJ_65 /* NodeDataTypeTests.swift */ = {isa = PBXFileReference; lastKnownFileType = sourcecode.swift; path = NodeDataTypeTests.swift; sourceTree = "<group>"; };
		OBJ_66 /* NodeGetterTests.swift */ = {isa = PBXFileReference; lastKnownFileType = sourcecode.swift; path = NodeGetterTests.swift; sourceTree = "<group>"; };
		OBJ_67 /* NodeIndexableTests.swift */ = {isa = PBXFileReference; lastKnownFileType = sourcecode.swift; path = NodeIndexableTests.swift; sourceTree = "<group>"; };
		OBJ_68 /* NodePolymorphicTests.swift */ = {isa = PBXFileReference; lastKnownFileType = sourcecode.swift; path = NodePolymorphicTests.swift; sourceTree = "<group>"; };
		OBJ_69 /* NodeTests.swift */ = {isa = PBXFileReference; lastKnownFileType = sourcecode.swift; path = NodeTests.swift; sourceTree = "<group>"; };
		OBJ_70 /* NumberTests.swift */ = {isa = PBXFileReference; lastKnownFileType = sourcecode.swift; path = NumberTests.swift; sourceTree = "<group>"; };
		OBJ_71 /* SequenceConvertibleTests.swift */ = {isa = PBXFileReference; lastKnownFileType = sourcecode.swift; path = SequenceConvertibleTests.swift; sourceTree = "<group>"; };
		OBJ_72 /* SettersTests.swift */ = {isa = PBXFileReference; lastKnownFileType = sourcecode.swift; path = SettersTests.swift; sourceTree = "<group>"; };
		OBJ_9 /* PathIndexable+Subscripting.swift */ = {isa = PBXFileReference; lastKnownFileType = sourcecode.swift; path = "PathIndexable+Subscripting.swift"; sourceTree = "<group>"; };
/* End PBXFileReference section */

/* Begin PBXFrameworksBuildPhase section */
		OBJ_177 /* Frameworks */ = {
			isa = PBXFrameworksBuildPhase;
			buildActionMask = 0;
			files = (
				OBJ_178 /* Node.framework in Frameworks */,
				OBJ_179 /* Core.framework in Frameworks */,
				OBJ_180 /* Debugging.framework in Frameworks */,
				OBJ_181 /* libc.framework in Frameworks */,
				OBJ_182 /* Bits.framework in Frameworks */,
				OBJ_183 /* PathIndexable.framework in Frameworks */,
			);
			runOnlyForDeploymentPostprocessing = 0;
		};
		OBJ_202 /* Frameworks */ = {
			isa = PBXFrameworksBuildPhase;
			buildActionMask = 0;
			files = (
				OBJ_203 /* PathIndexable.framework in Frameworks */,
			);
			runOnlyForDeploymentPostprocessing = 0;
		};
		OBJ_247 /* Frameworks */ = {
			isa = PBXFrameworksBuildPhase;
			buildActionMask = 0;
			files = (
				OBJ_248 /* Core.framework in Frameworks */,
				OBJ_249 /* Debugging.framework in Frameworks */,
				OBJ_250 /* libc.framework in Frameworks */,
				OBJ_251 /* Bits.framework in Frameworks */,
				OBJ_252 /* PathIndexable.framework in Frameworks */,
			);
			runOnlyForDeploymentPostprocessing = 0;
		};
		OBJ_285 /* Frameworks */ = {
			isa = PBXFrameworksBuildPhase;
			buildActionMask = 0;
			files = (
				OBJ_286 /* Debugging.framework in Frameworks */,
				OBJ_287 /* Bits.framework in Frameworks */,
				OBJ_288 /* libc.framework in Frameworks */,
			);
			runOnlyForDeploymentPostprocessing = 0;
		};
		OBJ_297 /* Frameworks */ = {
			isa = PBXFrameworksBuildPhase;
			buildActionMask = 0;
			files = (
			);
			runOnlyForDeploymentPostprocessing = 0;
		};
		OBJ_303 /* Frameworks */ = {
			isa = PBXFrameworksBuildPhase;
			buildActionMask = 0;
			files = (
			);
			runOnlyForDeploymentPostprocessing = 0;
		};
		OBJ_327 /* Frameworks */ = {
			isa = PBXFrameworksBuildPhase;
			buildActionMask = 0;
			files = (
			);
			runOnlyForDeploymentPostprocessing = 0;
		};
		OBJ_334 /* Frameworks */ = {
			isa = PBXFrameworksBuildPhase;
			buildActionMask = 0;
			files = (
			);
			runOnlyForDeploymentPostprocessing = 0;
		};
/* End PBXFrameworksBuildPhase section */

/* Begin PBXGroup section */
		OBJ_11 /* Node */ = {
			isa = PBXGroup;
			children = (
				OBJ_12 /* Accessors */,
				OBJ_15 /* Convertibles */,
				OBJ_25 /* Core */,
				OBJ_31 /* Fuzzy */,
				OBJ_38 /* Number */,
				OBJ_40 /* StructuredData */,
				OBJ_46 /* StructuredDataWrapper */,
				OBJ_54 /* Utilities */,
			);
			name = Node;
			path = Sources/Node;
			sourceTree = SOURCE_ROOT;
		};
		OBJ_12 /* Accessors */ = {
			isa = PBXGroup;
			children = (
				OBJ_13 /* Getters.swift */,
				OBJ_14 /* Setters.swift */,
			);
			path = Accessors;
			sourceTree = "<group>";
		};
		OBJ_128 /* Products */ = {
			isa = PBXGroup;
			children = (
				"Node::NodeTests::Product" /* NodeTests.xctest */,
				"Node::PathIndexableTests::Product" /* PathIndexableTests.xctest */,
				"Node::Node::Product" /* Node.framework */,
				"Core::Core::Product" /* Core.framework */,
				"Debugging::Debugging::Product" /* Debugging.framework */,
				"Core::libc::Product" /* libc.framework */,
				"Bits::Bits::Product" /* Bits.framework */,
				"Node::PathIndexable::Product" /* PathIndexable.framework */,
			);
			name = Products;
			sourceTree = BUILT_PRODUCTS_DIR;
		};
		OBJ_15 /* Convertibles */ = {
			isa = PBXGroup;
			children = (
				OBJ_16 /* Bool+Convertible.swift */,
				OBJ_17 /* Date+Convertible.swift */,
				OBJ_18 /* FloatingPoint+Convertible.swift */,
				OBJ_19 /* Integer+Convertible.swift */,
				OBJ_20 /* Schema+Convertible.swift */,
				OBJ_21 /* SchemaWrapper+Convertible.swift */,
				OBJ_22 /* String+Convertible.swift */,
				OBJ_23 /* UUID+Convertible.swift */,
				OBJ_24 /* UnsignedInteger+Convertible.swift */,
			);
			path = Convertibles;
			sourceTree = "<group>";
		};
		OBJ_25 /* Core */ = {
			isa = PBXGroup;
			children = (
				OBJ_26 /* Context.swift */,
				OBJ_27 /* Node.swift */,
				OBJ_28 /* NodeConvertible.swift */,
				OBJ_29 /* NodeInitializable.swift */,
				OBJ_30 /* NodeRepresentable.swift */,
			);
			path = Core;
			sourceTree = "<group>";
		};
		OBJ_31 /* Fuzzy */ = {
			isa = PBXGroup;
			children = (
				OBJ_32 /* Array+Convertible.swift */,
				OBJ_33 /* Dictionary+Convertible.swift */,
				OBJ_34 /* Fuzzy+Any.swift */,
				OBJ_35 /* FuzzyConverter.swift */,
				OBJ_36 /* Optional+Convertible.swift */,
				OBJ_37 /* Set+Convertible.swift */,
			);
			path = Fuzzy;
			sourceTree = "<group>";
		};
		OBJ_38 /* Number */ = {
			isa = PBXGroup;
			children = (
				OBJ_39 /* Number.swift */,
			);
			path = Number;
			sourceTree = "<group>";
		};
		OBJ_40 /* StructuredData */ = {
			isa = PBXGroup;
			children = (
				OBJ_41 /* StructuredData+Equatable.swift */,
				OBJ_42 /* StructuredData+Init.swift */,
				OBJ_43 /* StructuredData+PathIndexable.swift */,
				OBJ_44 /* StructuredData+Polymorphic.swift */,
				OBJ_45 /* StructuredData.swift */,
			);
			path = StructuredData;
			sourceTree = "<group>";
		};
		OBJ_46 /* StructuredDataWrapper */ = {
			isa = PBXGroup;
			children = (
				OBJ_47 /* StructuredDataWrapper+Cases.swift */,
				OBJ_48 /* StructuredDataWrapper+Convenience.swift */,
				OBJ_49 /* StructuredDataWrapper+Equatable.swift */,
				OBJ_50 /* StructuredDataWrapper+Literals.swift */,
				OBJ_51 /* StructuredDataWrapper+PathIndexable.swift */,
				OBJ_52 /* StructuredDataWrapper+Polymorphic.swift */,
				OBJ_53 /* StructuredDataWrapper.swift */,
			);
			path = StructuredDataWrapper;
			sourceTree = "<group>";
		};
		OBJ_5 = {
			isa = PBXGroup;
			children = (
				OBJ_7 /* Sources */,
				OBJ_58 /* Tests */,
				OBJ_128 /* Products */,
			);
			sourceTree = "<group>";
		};
		OBJ_54 /* Utilities */ = {
			isa = PBXGroup;
			children = (
				OBJ_55 /* Errors.swift */,
				OBJ_56 /* Exports.swift */,
				OBJ_57 /* Identifier.swift */,
			);
			path = Utilities;
			sourceTree = "<group>";
		};
		OBJ_58 /* Tests */ = {
			isa = PBXGroup;
			children = (
				OBJ_59 /* PathIndexableTests */,
				OBJ_61 /* NodeTests */,
			);
			name = Tests;
			sourceTree = SOURCE_ROOT;
		};
		OBJ_59 /* PathIndexableTests */ = {
			isa = PBXGroup;
			children = (
				OBJ_60 /* PathIndexableTests.swift */,
			);
			name = PathIndexableTests;
			path = Tests/PathIndexableTests;
			sourceTree = SOURCE_ROOT;
		};
		OBJ_61 /* NodeTests */ = {
			isa = PBXGroup;
			children = (
				OBJ_62 /* BasicConvertibleTests.swift */,
				OBJ_63 /* DictionaryKeyPathTests.swift */,
				OBJ_64 /* NodeBackedTests.swift */,
				OBJ_65 /* NodeDataTypeTests.swift */,
				OBJ_66 /* NodeGetterTests.swift */,
				OBJ_67 /* NodeIndexableTests.swift */,
				OBJ_68 /* NodePolymorphicTests.swift */,
				OBJ_69 /* NodeTests.swift */,
				OBJ_70 /* NumberTests.swift */,
				OBJ_71 /* SequenceConvertibleTests.swift */,
				OBJ_72 /* SettersTests.swift */,
			);
			name = NodeTests;
			path = Tests/NodeTests;
			sourceTree = SOURCE_ROOT;
		};
		OBJ_7 /* Sources */ = {
			isa = PBXGroup;
			children = (
				OBJ_8 /* PathIndexable */,
				OBJ_11 /* Node */,
			);
			name = Sources;
			sourceTree = SOURCE_ROOT;
		};
		OBJ_8 /* PathIndexable */ = {
			isa = PBXGroup;
			children = (
				OBJ_9 /* PathIndexable+Subscripting.swift */,
				OBJ_10 /* PathIndexable.swift */,
			);
			name = PathIndexable;
			path = Sources/PathIndexable;
			sourceTree = SOURCE_ROOT;
		};
/* End PBXGroup section */

/* Begin PBXNativeTarget section */
		"Bits::Bits" /* Bits */ = {
			isa = PBXNativeTarget;
			buildConfigurationList = OBJ_304 /* Build configuration list for PBXNativeTarget "Bits" */;
			buildPhases = (
				OBJ_307 /* Sources */,
				OBJ_327 /* Frameworks */,
			);
			buildRules = (
			);
			dependencies = (
			);
			name = Bits;
			productName = Bits;
			productReference = "Bits::Bits::Product" /* Bits.framework */;
			productType = "com.apple.product-type.framework";
		};
		"Bits::SwiftPMPackageDescription" /* BitsPackageDescription */ = {
			isa = PBXNativeTarget;
			buildConfigurationList = OBJ_156 /* Build configuration list for PBXNativeTarget "BitsPackageDescription" */;
			buildPhases = (
				OBJ_159 /* Sources */,
			);
			buildRules = (
			);
			dependencies = (
			);
			name = BitsPackageDescription;
			productName = BitsPackageDescription;
			productType = "com.apple.product-type.framework";
		};
		"Core::Core" /* Core */ = {
			isa = PBXNativeTarget;
			buildConfigurationList = OBJ_258 /* Build configuration list for PBXNativeTarget "Core" */;
			buildPhases = (
				OBJ_261 /* Sources */,
				OBJ_285 /* Frameworks */,
			);
			buildRules = (
			);
			dependencies = (
				OBJ_289 /* PBXTargetDependency */,
				OBJ_290 /* PBXTargetDependency */,
				OBJ_291 /* PBXTargetDependency */,
			);
			name = Core;
			productName = Core;
			productReference = "Core::Core::Product" /* Core.framework */;
			productType = "com.apple.product-type.framework";
		};
		"Core::SwiftPMPackageDescription" /* CorePackageDescription */ = {
			isa = PBXNativeTarget;
			buildConfigurationList = OBJ_144 /* Build configuration list for PBXNativeTarget "CorePackageDescription" */;
			buildPhases = (
				OBJ_147 /* Sources */,
			);
			buildRules = (
			);
			dependencies = (
			);
			name = CorePackageDescription;
			productName = CorePackageDescription;
			productType = "com.apple.product-type.framework";
		};
		"Core::libc" /* libc */ = {
			isa = PBXNativeTarget;
			buildConfigurationList = OBJ_298 /* Build configuration list for PBXNativeTarget "libc" */;
			buildPhases = (
				OBJ_301 /* Sources */,
				OBJ_303 /* Frameworks */,
			);
			buildRules = (
			);
			dependencies = (
			);
			name = libc;
			productName = libc;
			productReference = "Core::libc::Product" /* libc.framework */;
			productType = "com.apple.product-type.framework";
		};
		"Debugging::Debugging" /* Debugging */ = {
			isa = PBXNativeTarget;
			buildConfigurationList = OBJ_292 /* Build configuration list for PBXNativeTarget "Debugging" */;
			buildPhases = (
				OBJ_295 /* Sources */,
				OBJ_297 /* Frameworks */,
			);
			buildRules = (
			);
			dependencies = (
			);
			name = Debugging;
			productName = Debugging;
			productReference = "Debugging::Debugging::Product" /* Debugging.framework */;
			productType = "com.apple.product-type.framework";
		};
		"Debugging::SwiftPMPackageDescription" /* DebuggingPackageDescription */ = {
			isa = PBXNativeTarget;
			buildConfigurationList = OBJ_150 /* Build configuration list for PBXNativeTarget "DebuggingPackageDescription" */;
			buildPhases = (
				OBJ_153 /* Sources */,
			);
			buildRules = (
			);
			dependencies = (
			);
			name = DebuggingPackageDescription;
			productName = DebuggingPackageDescription;
			productType = "com.apple.product-type.framework";
		};
		"Node::Node" /* Node */ = {
			isa = PBXNativeTarget;
			buildConfigurationList = OBJ_205 /* Build configuration list for PBXNativeTarget "Node" */;
			buildPhases = (
				OBJ_208 /* Sources */,
				OBJ_247 /* Frameworks */,
			);
			buildRules = (
			);
			dependencies = (
				OBJ_253 /* PBXTargetDependency */,
				OBJ_254 /* PBXTargetDependency */,
				OBJ_255 /* PBXTargetDependency */,
				OBJ_256 /* PBXTargetDependency */,
				OBJ_257 /* PBXTargetDependency */,
			);
			name = Node;
			productName = Node;
			productReference = "Node::Node::Product" /* Node.framework */;
			productType = "com.apple.product-type.framework";
		};
		"Node::NodeTests" /* NodeTests */ = {
			isa = PBXNativeTarget;
			buildConfigurationList = OBJ_162 /* Build configuration list for PBXNativeTarget "NodeTests" */;
			buildPhases = (
				OBJ_165 /* Sources */,
				OBJ_177 /* Frameworks */,
			);
			buildRules = (
			);
			dependencies = (
				OBJ_184 /* PBXTargetDependency */,
				OBJ_186 /* PBXTargetDependency */,
				OBJ_188 /* PBXTargetDependency */,
				OBJ_190 /* PBXTargetDependency */,
				OBJ_192 /* PBXTargetDependency */,
				OBJ_194 /* PBXTargetDependency */,
			);
			name = NodeTests;
			productName = NodeTests;
			productReference = "Node::NodeTests::Product" /* NodeTests.xctest */;
			productType = "com.apple.product-type.bundle.unit-test";
		};
		"Node::PathIndexable" /* PathIndexable */ = {
			isa = PBXNativeTarget;
			buildConfigurationList = OBJ_328 /* Build configuration list for PBXNativeTarget "PathIndexable" */;
			buildPhases = (
				OBJ_331 /* Sources */,
				OBJ_334 /* Frameworks */,
			);
			buildRules = (
			);
			dependencies = (
			);
			name = PathIndexable;
			productName = PathIndexable;
			productReference = "Node::PathIndexable::Product" /* PathIndexable.framework */;
			productType = "com.apple.product-type.framework";
		};
		"Node::PathIndexableTests" /* PathIndexableTests */ = {
			isa = PBXNativeTarget;
			buildConfigurationList = OBJ_197 /* Build configuration list for PBXNativeTarget "PathIndexableTests" */;
			buildPhases = (
				OBJ_200 /* Sources */,
				OBJ_202 /* Frameworks */,
			);
			buildRules = (
			);
			dependencies = (
				OBJ_204 /* PBXTargetDependency */,
			);
			name = PathIndexableTests;
			productName = PathIndexableTests;
			productReference = "Node::PathIndexableTests::Product" /* PathIndexableTests.xctest */;
			productType = "com.apple.product-type.bundle.unit-test";
		};
		"Node::SwiftPMPackageDescription" /* NodePackageDescription */ = {
			isa = PBXNativeTarget;
			buildConfigurationList = OBJ_138 /* Build configuration list for PBXNativeTarget "NodePackageDescription" */;
			buildPhases = (
				OBJ_141 /* Sources */,
			);
			buildRules = (
			);
			dependencies = (
			);
			name = NodePackageDescription;
			productName = NodePackageDescription;
			productType = "com.apple.product-type.framework";
		};
/* End PBXNativeTarget section */

/* Begin PBXProject section */
		OBJ_1 /* Project object */ = {
			isa = PBXProject;
			attributes = {
				LastUpgradeCheck = 9999;
			};
			buildConfigurationList = OBJ_2 /* Build configuration list for PBXProject "node" */;
			compatibilityVersion = "Xcode 3.2";
			developmentRegion = English;
			hasScannedForEncodings = 0;
			knownRegions = (
				en,
			);
			mainGroup = OBJ_5;
			productRefGroup = OBJ_128 /* Products */;
			projectDirPath = "";
			projectRoot = "";
			targets = (
				"Node::SwiftPMPackageDescription" /* NodePackageDescription */,
				"Core::SwiftPMPackageDescription" /* CorePackageDescription */,
				"Debugging::SwiftPMPackageDescription" /* DebuggingPackageDescription */,
				"Bits::SwiftPMPackageDescription" /* BitsPackageDescription */,
				"Node::NodeTests" /* NodeTests */,
				"Node::PathIndexableTests" /* PathIndexableTests */,
				"Node::Node" /* Node */,
				"Core::Core" /* Core */,
				"Debugging::Debugging" /* Debugging */,
				"Core::libc" /* libc */,
				"Bits::Bits" /* Bits */,
				"Node::PathIndexable" /* PathIndexable */,
				"Node::NodePackageTests::ProductTarget" /* NodePackageTests */,
			);
		};
/* End PBXProject section */

/* Begin PBXSourcesBuildPhase section */
		OBJ_141 /* Sources */ = {
			isa = PBXSourcesBuildPhase;
			buildActionMask = 0;
			files = (
			);
			runOnlyForDeploymentPostprocessing = 0;
		};
		OBJ_147 /* Sources */ = {
			isa = PBXSourcesBuildPhase;
			buildActionMask = 0;
			files = (
			);
			runOnlyForDeploymentPostprocessing = 0;
		};
		OBJ_153 /* Sources */ = {
			isa = PBXSourcesBuildPhase;
			buildActionMask = 0;
			files = (
			);
			runOnlyForDeploymentPostprocessing = 0;
		};
		OBJ_159 /* Sources */ = {
			isa = PBXSourcesBuildPhase;
			buildActionMask = 0;
			files = (
			);
			runOnlyForDeploymentPostprocessing = 0;
		};
		OBJ_165 /* Sources */ = {
			isa = PBXSourcesBuildPhase;
			buildActionMask = 0;
			files = (
				OBJ_166 /* BasicConvertibleTests.swift in Sources */,
				OBJ_167 /* DictionaryKeyPathTests.swift in Sources */,
				OBJ_168 /* NodeBackedTests.swift in Sources */,
				OBJ_169 /* NodeDataTypeTests.swift in Sources */,
				OBJ_170 /* NodeGetterTests.swift in Sources */,
				OBJ_171 /* NodeIndexableTests.swift in Sources */,
				OBJ_172 /* NodePolymorphicTests.swift in Sources */,
				OBJ_173 /* NodeTests.swift in Sources */,
				OBJ_174 /* NumberTests.swift in Sources */,
				OBJ_175 /* SequenceConvertibleTests.swift in Sources */,
				OBJ_176 /* SettersTests.swift in Sources */,
			);
			runOnlyForDeploymentPostprocessing = 0;
		};
		OBJ_200 /* Sources */ = {
			isa = PBXSourcesBuildPhase;
			buildActionMask = 0;
			files = (
				OBJ_201 /* PathIndexableTests.swift in Sources */,
			);
			runOnlyForDeploymentPostprocessing = 0;
		};
		OBJ_208 /* Sources */ = {
			isa = PBXSourcesBuildPhase;
			buildActionMask = 0;
			files = (
				OBJ_209 /* Getters.swift in Sources */,
				OBJ_210 /* Setters.swift in Sources */,
				OBJ_211 /* Bool+Convertible.swift in Sources */,
				OBJ_212 /* Date+Convertible.swift in Sources */,
				OBJ_213 /* FloatingPoint+Convertible.swift in Sources */,
				OBJ_214 /* Integer+Convertible.swift in Sources */,
				OBJ_215 /* Schema+Convertible.swift in Sources */,
				OBJ_216 /* SchemaWrapper+Convertible.swift in Sources */,
				OBJ_217 /* String+Convertible.swift in Sources */,
				OBJ_218 /* UUID+Convertible.swift in Sources */,
				OBJ_219 /* UnsignedInteger+Convertible.swift in Sources */,
				OBJ_220 /* Context.swift in Sources */,
				OBJ_221 /* Node.swift in Sources */,
				OBJ_222 /* NodeConvertible.swift in Sources */,
				OBJ_223 /* NodeInitializable.swift in Sources */,
				OBJ_224 /* NodeRepresentable.swift in Sources */,
				OBJ_225 /* Array+Convertible.swift in Sources */,
				OBJ_226 /* Dictionary+Convertible.swift in Sources */,
				OBJ_227 /* Fuzzy+Any.swift in Sources */,
				OBJ_228 /* FuzzyConverter.swift in Sources */,
				OBJ_229 /* Optional+Convertible.swift in Sources */,
				OBJ_230 /* Set+Convertible.swift in Sources */,
				OBJ_231 /* Number.swift in Sources */,
				OBJ_232 /* StructuredData+Equatable.swift in Sources */,
				OBJ_233 /* StructuredData+Init.swift in Sources */,
				OBJ_234 /* StructuredData+PathIndexable.swift in Sources */,
				OBJ_235 /* StructuredData+Polymorphic.swift in Sources */,
				OBJ_236 /* StructuredData.swift in Sources */,
				OBJ_237 /* StructuredDataWrapper+Cases.swift in Sources */,
				OBJ_238 /* StructuredDataWrapper+Convenience.swift in Sources */,
				OBJ_239 /* StructuredDataWrapper+Equatable.swift in Sources */,
				OBJ_240 /* StructuredDataWrapper+Literals.swift in Sources */,
				OBJ_241 /* StructuredDataWrapper+PathIndexable.swift in Sources */,
				OBJ_242 /* StructuredDataWrapper+Polymorphic.swift in Sources */,
				OBJ_243 /* StructuredDataWrapper.swift in Sources */,
				OBJ_244 /* Errors.swift in Sources */,
				OBJ_245 /* Exports.swift in Sources */,
				OBJ_246 /* Identifier.swift in Sources */,
			);
			runOnlyForDeploymentPostprocessing = 0;
		};
		OBJ_261 /* Sources */ = {
			isa = PBXSourcesBuildPhase;
			buildActionMask = 0;
			files = (
			);
			runOnlyForDeploymentPostprocessing = 0;
		};
		OBJ_295 /* Sources */ = {
			isa = PBXSourcesBuildPhase;
			buildActionMask = 0;
			files = (
			);
			runOnlyForDeploymentPostprocessing = 0;
		};
		OBJ_301 /* Sources */ = {
			isa = PBXSourcesBuildPhase;
			buildActionMask = 0;
			files = (
			);
			runOnlyForDeploymentPostprocessing = 0;
		};
		OBJ_307 /* Sources */ = {
			isa = PBXSourcesBuildPhase;
			buildActionMask = 0;
			files = (
			);
			runOnlyForDeploymentPostprocessing = 0;
		};
		OBJ_331 /* Sources */ = {
			isa = PBXSourcesBuildPhase;
			buildActionMask = 0;
			files = (
				OBJ_332 /* PathIndexable+Subscripting.swift in Sources */,
				OBJ_333 /* PathIndexable.swift in Sources */,
			);
			runOnlyForDeploymentPostprocessing = 0;
		};
/* End PBXSourcesBuildPhase section */

/* Begin PBXTargetDependency section */
		OBJ_184 /* PBXTargetDependency */ = {
			isa = PBXTargetDependency;
			target = "Node::Node" /* Node */;
			targetProxy = 0480A8101F8522E200204C4F /* PBXContainerItemProxy */;
		};
		OBJ_186 /* PBXTargetDependency */ = {
			isa = PBXTargetDependency;
			target = "Core::Core" /* Core */;
			targetProxy = 0480A8111F8522E200204C4F /* PBXContainerItemProxy */;
		};
		OBJ_188 /* PBXTargetDependency */ = {
			isa = PBXTargetDependency;
			target = "Debugging::Debugging" /* Debugging */;
			targetProxy = 0480A8121F8522E200204C4F /* PBXContainerItemProxy */;
		};
		OBJ_190 /* PBXTargetDependency */ = {
			isa = PBXTargetDependency;
			target = "Core::libc" /* libc */;
			targetProxy = 0480A8131F8522E200204C4F /* PBXContainerItemProxy */;
		};
		OBJ_192 /* PBXTargetDependency */ = {
			isa = PBXTargetDependency;
			target = "Bits::Bits" /* Bits */;
			targetProxy = 0480A8141F8522E200204C4F /* PBXContainerItemProxy */;
		};
		OBJ_194 /* PBXTargetDependency */ = {
			isa = PBXTargetDependency;
			target = "Node::PathIndexable" /* PathIndexable */;
			targetProxy = 0480A8151F8522E200204C4F /* PBXContainerItemProxy */;
		};
		OBJ_204 /* PBXTargetDependency */ = {
			isa = PBXTargetDependency;
			target = "Node::PathIndexable" /* PathIndexable */;
			targetProxy = 0480A8161F8522E200204C4F /* PBXContainerItemProxy */;
		};
		OBJ_253 /* PBXTargetDependency */ = {
			isa = PBXTargetDependency;
			target = "Core::Core" /* Core */;
			targetProxy = 0480A8081F8522E200204C4F /* PBXContainerItemProxy */;
		};
		OBJ_254 /* PBXTargetDependency */ = {
			isa = PBXTargetDependency;
			target = "Debugging::Debugging" /* Debugging */;
			targetProxy = 0480A80C1F8522E200204C4F /* PBXContainerItemProxy */;
		};
		OBJ_255 /* PBXTargetDependency */ = {
			isa = PBXTargetDependency;
			target = "Core::libc" /* libc */;
			targetProxy = 0480A80D1F8522E200204C4F /* PBXContainerItemProxy */;
		};
		OBJ_256 /* PBXTargetDependency */ = {
			isa = PBXTargetDependency;
			target = "Bits::Bits" /* Bits */;
			targetProxy = 0480A80E1F8522E200204C4F /* PBXContainerItemProxy */;
		};
		OBJ_257 /* PBXTargetDependency */ = {
			isa = PBXTargetDependency;
			target = "Node::PathIndexable" /* PathIndexable */;
			targetProxy = 0480A80F1F8522E200204C4F /* PBXContainerItemProxy */;
		};
		OBJ_289 /* PBXTargetDependency */ = {
			isa = PBXTargetDependency;
			target = "Debugging::Debugging" /* Debugging */;
			targetProxy = 0480A8091F8522E200204C4F /* PBXContainerItemProxy */;
		};
		OBJ_290 /* PBXTargetDependency */ = {
			isa = PBXTargetDependency;
			target = "Bits::Bits" /* Bits */;
			targetProxy = 0480A80A1F8522E200204C4F /* PBXContainerItemProxy */;
		};
		OBJ_291 /* PBXTargetDependency */ = {
			isa = PBXTargetDependency;
			target = "Core::libc" /* libc */;
			targetProxy = 0480A80B1F8522E200204C4F /* PBXContainerItemProxy */;
		};
		OBJ_339 /* PBXTargetDependency */ = {
			isa = PBXTargetDependency;
			target = "Node::PathIndexableTests" /* PathIndexableTests */;
			targetProxy = 0480A8171F8522E400204C4F /* PBXContainerItemProxy */;
		};
		OBJ_340 /* PBXTargetDependency */ = {
			isa = PBXTargetDependency;
			target = "Node::NodeTests" /* NodeTests */;
			targetProxy = 0480A8181F8522E400204C4F /* PBXContainerItemProxy */;
		};
/* End PBXTargetDependency section */

/* Begin XCBuildConfiguration section */
		OBJ_139 /* Debug */ = {
			isa = XCBuildConfiguration;
			buildSettings = {
				LD = /usr/bin/true;
				OTHER_SWIFT_FLAGS = "-swift-version 4 -I /Applications/Xcode.app/Contents/Developer/Toolchains/XcodeDefault.xctoolchain/usr/lib/swift/pm/4 -target x86_64-apple-macosx10.10 -sdk /Applications/Xcode.app/Contents/Developer/Platforms/MacOSX.platform/Developer/SDKs/MacOSX10.13.sdk";
				SWIFT_VERSION = 4.0;
			};
			name = Debug;
		};
		OBJ_140 /* Release */ = {
			isa = XCBuildConfiguration;
			buildSettings = {
				LD = /usr/bin/true;
				OTHER_SWIFT_FLAGS = "-swift-version 4 -I /Applications/Xcode.app/Contents/Developer/Toolchains/XcodeDefault.xctoolchain/usr/lib/swift/pm/4 -target x86_64-apple-macosx10.10 -sdk /Applications/Xcode.app/Contents/Developer/Platforms/MacOSX.platform/Developer/SDKs/MacOSX10.13.sdk";
				SWIFT_VERSION = 4.0;
			};
			name = Release;
		};
		OBJ_145 /* Debug */ = {
			isa = XCBuildConfiguration;
			buildSettings = {
				LD = /usr/bin/true;
				OTHER_SWIFT_FLAGS = "-swift-version 4 -I /Applications/Xcode.app/Contents/Developer/Toolchains/XcodeDefault.xctoolchain/usr/lib/swift/pm/4 -target x86_64-apple-macosx10.10 -sdk /Applications/Xcode.app/Contents/Developer/Platforms/MacOSX.platform/Developer/SDKs/MacOSX10.13.sdk";
				SWIFT_VERSION = 4.0;
			};
			name = Debug;
		};
		OBJ_146 /* Release */ = {
			isa = XCBuildConfiguration;
			buildSettings = {
				LD = /usr/bin/true;
				OTHER_SWIFT_FLAGS = "-swift-version 4 -I /Applications/Xcode.app/Contents/Developer/Toolchains/XcodeDefault.xctoolchain/usr/lib/swift/pm/4 -target x86_64-apple-macosx10.10 -sdk /Applications/Xcode.app/Contents/Developer/Platforms/MacOSX.platform/Developer/SDKs/MacOSX10.13.sdk";
				SWIFT_VERSION = 4.0;
			};
			name = Release;
		};
		OBJ_151 /* Debug */ = {
			isa = XCBuildConfiguration;
			buildSettings = {
				FRAMEWORK_SEARCH_PATHS = (
					"$(inherited)",
					"$(PROJECT_DIR)/Carthage/Build/iOS",
				);
				LD = /usr/bin/true;
				OTHER_SWIFT_FLAGS = "-swift-version 4 -I /Applications/Xcode.app/Contents/Developer/Toolchains/XcodeDefault.xctoolchain/usr/lib/swift/pm/4 -target x86_64-apple-macosx10.10 -sdk /Applications/Xcode.app/Contents/Developer/Platforms/MacOSX.platform/Developer/SDKs/MacOSX10.13.sdk";
				SWIFT_VERSION = 4.0;
			};
			name = Debug;
		};
		OBJ_152 /* Release */ = {
			isa = XCBuildConfiguration;
			buildSettings = {
				FRAMEWORK_SEARCH_PATHS = (
					"$(inherited)",
					"$(PROJECT_DIR)/Carthage/Build/iOS",
				);
				LD = /usr/bin/true;
				OTHER_SWIFT_FLAGS = "-swift-version 4 -I /Applications/Xcode.app/Contents/Developer/Toolchains/XcodeDefault.xctoolchain/usr/lib/swift/pm/4 -target x86_64-apple-macosx10.10 -sdk /Applications/Xcode.app/Contents/Developer/Platforms/MacOSX.platform/Developer/SDKs/MacOSX10.13.sdk";
				SWIFT_VERSION = 4.0;
			};
			name = Release;
		};
		OBJ_157 /* Debug */ = {
			isa = XCBuildConfiguration;
			buildSettings = {
				LD = /usr/bin/true;
				OTHER_SWIFT_FLAGS = "-swift-version 4 -I /Applications/Xcode.app/Contents/Developer/Toolchains/XcodeDefault.xctoolchain/usr/lib/swift/pm/4 -target x86_64-apple-macosx10.10 -sdk /Applications/Xcode.app/Contents/Developer/Platforms/MacOSX.platform/Developer/SDKs/MacOSX10.13.sdk";
				SWIFT_VERSION = 4.0;
			};
			name = Debug;
		};
		OBJ_158 /* Release */ = {
			isa = XCBuildConfiguration;
			buildSettings = {
				LD = /usr/bin/true;
				OTHER_SWIFT_FLAGS = "-swift-version 4 -I /Applications/Xcode.app/Contents/Developer/Toolchains/XcodeDefault.xctoolchain/usr/lib/swift/pm/4 -target x86_64-apple-macosx10.10 -sdk /Applications/Xcode.app/Contents/Developer/Platforms/MacOSX.platform/Developer/SDKs/MacOSX10.13.sdk";
				SWIFT_VERSION = 4.0;
			};
			name = Release;
		};
		OBJ_163 /* Debug */ = {
			isa = XCBuildConfiguration;
			buildSettings = {
				EMBEDDED_CONTENT_CONTAINS_SWIFT = YES;
				FRAMEWORK_SEARCH_PATHS = (
					"$(inherited)",
					"$(PLATFORM_DIR)/Developer/Library/Frameworks",
				);
				HEADER_SEARCH_PATHS = "$(inherited)";
				INFOPLIST_FILE = Node.xcodeproj/NodeTests_Info.plist;
				LD_RUNPATH_SEARCH_PATHS = "@loader_path/../Frameworks @loader_path/Frameworks";
				OTHER_LDFLAGS = "$(inherited)";
				OTHER_SWIFT_FLAGS = "$(inherited)";
				SWIFT_VERSION = 4.0;
				TARGET_NAME = NodeTests;
			};
			name = Debug;
		};
		OBJ_164 /* Release */ = {
			isa = XCBuildConfiguration;
			buildSettings = {
				EMBEDDED_CONTENT_CONTAINS_SWIFT = YES;
				FRAMEWORK_SEARCH_PATHS = (
					"$(inherited)",
					"$(PLATFORM_DIR)/Developer/Library/Frameworks",
				);
				HEADER_SEARCH_PATHS = "$(inherited)";
				INFOPLIST_FILE = Node.xcodeproj/NodeTests_Info.plist;
				LD_RUNPATH_SEARCH_PATHS = "@loader_path/../Frameworks @loader_path/Frameworks";
				OTHER_LDFLAGS = "$(inherited)";
				OTHER_SWIFT_FLAGS = "$(inherited)";
				SWIFT_VERSION = 4.0;
				TARGET_NAME = NodeTests;
			};
			name = Release;
		};
		OBJ_198 /* Debug */ = {
			isa = XCBuildConfiguration;
			buildSettings = {
				EMBEDDED_CONTENT_CONTAINS_SWIFT = YES;
				FRAMEWORK_SEARCH_PATHS = (
					"$(inherited)",
					"$(PLATFORM_DIR)/Developer/Library/Frameworks",
				);
				HEADER_SEARCH_PATHS = "$(inherited)";
				INFOPLIST_FILE = Node.xcodeproj/PathIndexableTests_Info.plist;
				LD_RUNPATH_SEARCH_PATHS = "@loader_path/../Frameworks @loader_path/Frameworks";
				OTHER_LDFLAGS = "$(inherited)";
				OTHER_SWIFT_FLAGS = "$(inherited)";
				SWIFT_VERSION = 4.0;
				TARGET_NAME = PathIndexableTests;
			};
			name = Debug;
		};
		OBJ_199 /* Release */ = {
			isa = XCBuildConfiguration;
			buildSettings = {
				EMBEDDED_CONTENT_CONTAINS_SWIFT = YES;
				FRAMEWORK_SEARCH_PATHS = (
					"$(inherited)",
					"$(PLATFORM_DIR)/Developer/Library/Frameworks",
				);
				HEADER_SEARCH_PATHS = "$(inherited)";
				INFOPLIST_FILE = Node.xcodeproj/PathIndexableTests_Info.plist;
				LD_RUNPATH_SEARCH_PATHS = "@loader_path/../Frameworks @loader_path/Frameworks";
				OTHER_LDFLAGS = "$(inherited)";
				OTHER_SWIFT_FLAGS = "$(inherited)";
				SWIFT_VERSION = 4.0;
				TARGET_NAME = PathIndexableTests;
			};
			name = Release;
		};
		OBJ_206 /* Debug */ = {
			isa = XCBuildConfiguration;
			buildSettings = {
				ENABLE_TESTABILITY = YES;
				FRAMEWORK_SEARCH_PATHS = (
					"$(inherited)",
					"$(PLATFORM_DIR)/Developer/Library/Frameworks",
				);
				HEADER_SEARCH_PATHS = "$(inherited)";
				INFOPLIST_FILE = Node.xcodeproj/Node_Info.plist;
				LD_RUNPATH_SEARCH_PATHS = "$(TOOLCHAIN_DIR)/usr/lib/swift/macosx";
				OTHER_LDFLAGS = "$(inherited)";
				OTHER_SWIFT_FLAGS = "$(inherited)";
				PRODUCT_BUNDLE_IDENTIFIER = Node;
				PRODUCT_MODULE_NAME = "$(TARGET_NAME:c99extidentifier)";
				PRODUCT_NAME = "$(TARGET_NAME:c99extidentifier)";
				SKIP_INSTALL = YES;
				SWIFT_VERSION = 4.0;
				TARGET_NAME = Node;
			};
			name = Debug;
		};
		OBJ_207 /* Release */ = {
			isa = XCBuildConfiguration;
			buildSettings = {
				ENABLE_TESTABILITY = YES;
				FRAMEWORK_SEARCH_PATHS = (
					"$(inherited)",
					"$(PLATFORM_DIR)/Developer/Library/Frameworks",
				);
				HEADER_SEARCH_PATHS = "$(inherited)";
				INFOPLIST_FILE = Node.xcodeproj/Node_Info.plist;
				LD_RUNPATH_SEARCH_PATHS = "$(TOOLCHAIN_DIR)/usr/lib/swift/macosx";
				OTHER_LDFLAGS = "$(inherited)";
				OTHER_SWIFT_FLAGS = "$(inherited)";
				PRODUCT_BUNDLE_IDENTIFIER = Node;
				PRODUCT_MODULE_NAME = "$(TARGET_NAME:c99extidentifier)";
				PRODUCT_NAME = "$(TARGET_NAME:c99extidentifier)";
				SKIP_INSTALL = YES;
				SWIFT_VERSION = 4.0;
				TARGET_NAME = Node;
			};
			name = Release;
		};
		OBJ_259 /* Debug */ = {
			isa = XCBuildConfiguration;
			buildSettings = {
				ENABLE_TESTABILITY = YES;
				FRAMEWORK_SEARCH_PATHS = (
					"$(inherited)",
					"$(PLATFORM_DIR)/Developer/Library/Frameworks",
				);
				HEADER_SEARCH_PATHS = "$(inherited)";
				INFOPLIST_FILE = Node.xcodeproj/Core_Info.plist;
				LD_RUNPATH_SEARCH_PATHS = "$(TOOLCHAIN_DIR)/usr/lib/swift/macosx";
				OTHER_LDFLAGS = "$(inherited)";
				OTHER_SWIFT_FLAGS = "$(inherited)";
				PRODUCT_BUNDLE_IDENTIFIER = Core;
				PRODUCT_MODULE_NAME = "$(TARGET_NAME:c99extidentifier)";
				PRODUCT_NAME = "$(TARGET_NAME:c99extidentifier)";
				SKIP_INSTALL = YES;
				SWIFT_VERSION = 4.0;
				TARGET_NAME = Core;
			};
			name = Debug;
		};
		OBJ_260 /* Release */ = {
			isa = XCBuildConfiguration;
			buildSettings = {
				ENABLE_TESTABILITY = YES;
				FRAMEWORK_SEARCH_PATHS = (
					"$(inherited)",
					"$(PLATFORM_DIR)/Developer/Library/Frameworks",
				);
				HEADER_SEARCH_PATHS = "$(inherited)";
				INFOPLIST_FILE = Node.xcodeproj/Core_Info.plist;
				LD_RUNPATH_SEARCH_PATHS = "$(TOOLCHAIN_DIR)/usr/lib/swift/macosx";
				OTHER_LDFLAGS = "$(inherited)";
				OTHER_SWIFT_FLAGS = "$(inherited)";
				PRODUCT_BUNDLE_IDENTIFIER = Core;
				PRODUCT_MODULE_NAME = "$(TARGET_NAME:c99extidentifier)";
				PRODUCT_NAME = "$(TARGET_NAME:c99extidentifier)";
				SKIP_INSTALL = YES;
				SWIFT_VERSION = 4.0;
				TARGET_NAME = Core;
			};
			name = Release;
		};
		OBJ_293 /* Debug */ = {
			isa = XCBuildConfiguration;
			buildSettings = {
				ENABLE_TESTABILITY = YES;
				FRAMEWORK_SEARCH_PATHS = (
					"$(inherited)",
					"$(PLATFORM_DIR)/Developer/Library/Frameworks",
				);
				HEADER_SEARCH_PATHS = "$(inherited)";
				INFOPLIST_FILE = Node.xcodeproj/Debugging_Info.plist;
				LD_RUNPATH_SEARCH_PATHS = "$(TOOLCHAIN_DIR)/usr/lib/swift/macosx";
				OTHER_LDFLAGS = "$(inherited)";
				OTHER_SWIFT_FLAGS = "$(inherited)";
				PRODUCT_BUNDLE_IDENTIFIER = Debugging;
				PRODUCT_MODULE_NAME = "$(TARGET_NAME:c99extidentifier)";
				PRODUCT_NAME = "$(TARGET_NAME:c99extidentifier)";
				SKIP_INSTALL = YES;
				SWIFT_VERSION = 4.0;
				TARGET_NAME = Debugging;
			};
			name = Debug;
		};
		OBJ_294 /* Release */ = {
			isa = XCBuildConfiguration;
			buildSettings = {
				ENABLE_TESTABILITY = YES;
				FRAMEWORK_SEARCH_PATHS = (
					"$(inherited)",
					"$(PLATFORM_DIR)/Developer/Library/Frameworks",
				);
				HEADER_SEARCH_PATHS = "$(inherited)";
				INFOPLIST_FILE = Node.xcodeproj/Debugging_Info.plist;
				LD_RUNPATH_SEARCH_PATHS = "$(TOOLCHAIN_DIR)/usr/lib/swift/macosx";
				OTHER_LDFLAGS = "$(inherited)";
				OTHER_SWIFT_FLAGS = "$(inherited)";
				PRODUCT_BUNDLE_IDENTIFIER = Debugging;
				PRODUCT_MODULE_NAME = "$(TARGET_NAME:c99extidentifier)";
				PRODUCT_NAME = "$(TARGET_NAME:c99extidentifier)";
				SKIP_INSTALL = YES;
				SWIFT_VERSION = 4.0;
				TARGET_NAME = Debugging;
			};
			name = Release;
		};
		OBJ_299 /* Debug */ = {
			isa = XCBuildConfiguration;
			buildSettings = {
				ENABLE_TESTABILITY = YES;
				FRAMEWORK_SEARCH_PATHS = (
					"$(inherited)",
					"$(PLATFORM_DIR)/Developer/Library/Frameworks",
				);
				HEADER_SEARCH_PATHS = "$(inherited)";
				INFOPLIST_FILE = Node.xcodeproj/libc_Info.plist;
				LD_RUNPATH_SEARCH_PATHS = "$(TOOLCHAIN_DIR)/usr/lib/swift/macosx";
				OTHER_LDFLAGS = "$(inherited)";
				OTHER_SWIFT_FLAGS = "$(inherited)";
				PRODUCT_BUNDLE_IDENTIFIER = libc;
				PRODUCT_MODULE_NAME = "$(TARGET_NAME:c99extidentifier)";
				PRODUCT_NAME = "$(TARGET_NAME:c99extidentifier)";
				SKIP_INSTALL = YES;
				SWIFT_VERSION = 4.0;
				TARGET_NAME = libc;
			};
			name = Debug;
		};
		OBJ_3 /* Debug */ = {
			isa = XCBuildConfiguration;
			buildSettings = {
				CLANG_ENABLE_OBJC_ARC = YES;
				COMBINE_HIDPI_IMAGES = YES;
				COPY_PHASE_STRIP = NO;
				DEBUG_INFORMATION_FORMAT = dwarf;
				DYLIB_INSTALL_NAME_BASE = "@rpath";
				ENABLE_NS_ASSERTIONS = YES;
				GCC_OPTIMIZATION_LEVEL = 0;
				MACOSX_DEPLOYMENT_TARGET = 10.10;
				ONLY_ACTIVE_ARCH = YES;
				OTHER_SWIFT_FLAGS = "-DXcode";
				PRODUCT_NAME = "$(TARGET_NAME)";
				SDKROOT = iphoneos;
				SUPPORTED_PLATFORMS = "iphonesimulator iphoneos";
				SWIFT_ACTIVE_COMPILATION_CONDITIONS = SWIFT_PACKAGE;
				SWIFT_OPTIMIZATION_LEVEL = "-Onone";
				USE_HEADERMAP = NO;
			};
			name = Debug;
		};
		OBJ_300 /* Release */ = {
			isa = XCBuildConfiguration;
			buildSettings = {
				ENABLE_TESTABILITY = YES;
				FRAMEWORK_SEARCH_PATHS = (
					"$(inherited)",
					"$(PLATFORM_DIR)/Developer/Library/Frameworks",
				);
				HEADER_SEARCH_PATHS = "$(inherited)";
				INFOPLIST_FILE = Node.xcodeproj/libc_Info.plist;
				LD_RUNPATH_SEARCH_PATHS = "$(TOOLCHAIN_DIR)/usr/lib/swift/macosx";
				OTHER_LDFLAGS = "$(inherited)";
				OTHER_SWIFT_FLAGS = "$(inherited)";
				PRODUCT_BUNDLE_IDENTIFIER = libc;
				PRODUCT_MODULE_NAME = "$(TARGET_NAME:c99extidentifier)";
				PRODUCT_NAME = "$(TARGET_NAME:c99extidentifier)";
				SKIP_INSTALL = YES;
				SWIFT_VERSION = 4.0;
				TARGET_NAME = libc;
			};
			name = Release;
		};
		OBJ_305 /* Debug */ = {
			isa = XCBuildConfiguration;
			buildSettings = {
				ENABLE_TESTABILITY = YES;
				FRAMEWORK_SEARCH_PATHS = (
					"$(inherited)",
					"$(PLATFORM_DIR)/Developer/Library/Frameworks",
				);
				HEADER_SEARCH_PATHS = "$(inherited)";
				INFOPLIST_FILE = Node.xcodeproj/Bits_Info.plist;
				LD_RUNPATH_SEARCH_PATHS = "$(TOOLCHAIN_DIR)/usr/lib/swift/macosx";
				OTHER_LDFLAGS = "$(inherited)";
				OTHER_SWIFT_FLAGS = "$(inherited)";
				PRODUCT_BUNDLE_IDENTIFIER = Bits;
				PRODUCT_MODULE_NAME = "$(TARGET_NAME:c99extidentifier)";
				PRODUCT_NAME = "$(TARGET_NAME:c99extidentifier)";
				SKIP_INSTALL = YES;
				SWIFT_VERSION = 4.0;
				TARGET_NAME = Bits;
			};
			name = Debug;
		};
		OBJ_306 /* Release */ = {
			isa = XCBuildConfiguration;
			buildSettings = {
				ENABLE_TESTABILITY = YES;
				FRAMEWORK_SEARCH_PATHS = (
					"$(inherited)",
					"$(PLATFORM_DIR)/Developer/Library/Frameworks",
				);
				HEADER_SEARCH_PATHS = "$(inherited)";
				INFOPLIST_FILE = Node.xcodeproj/Bits_Info.plist;
				LD_RUNPATH_SEARCH_PATHS = "$(TOOLCHAIN_DIR)/usr/lib/swift/macosx";
				OTHER_LDFLAGS = "$(inherited)";
				OTHER_SWIFT_FLAGS = "$(inherited)";
				PRODUCT_BUNDLE_IDENTIFIER = Bits;
				PRODUCT_MODULE_NAME = "$(TARGET_NAME:c99extidentifier)";
				PRODUCT_NAME = "$(TARGET_NAME:c99extidentifier)";
				SKIP_INSTALL = YES;
				SWIFT_VERSION = 4.0;
				TARGET_NAME = Bits;
			};
			name = Release;
		};
		OBJ_329 /* Debug */ = {
			isa = XCBuildConfiguration;
			buildSettings = {
				ENABLE_TESTABILITY = YES;
				FRAMEWORK_SEARCH_PATHS = (
					"$(inherited)",
					"$(PLATFORM_DIR)/Developer/Library/Frameworks",
				);
				HEADER_SEARCH_PATHS = "$(inherited)";
				INFOPLIST_FILE = Node.xcodeproj/PathIndexable_Info.plist;
				LD_RUNPATH_SEARCH_PATHS = "$(TOOLCHAIN_DIR)/usr/lib/swift/macosx";
				OTHER_LDFLAGS = "$(inherited)";
				OTHER_SWIFT_FLAGS = "$(inherited)";
				PRODUCT_BUNDLE_IDENTIFIER = PathIndexable;
				PRODUCT_MODULE_NAME = "$(TARGET_NAME:c99extidentifier)";
				PRODUCT_NAME = "$(TARGET_NAME:c99extidentifier)";
				SKIP_INSTALL = YES;
				SWIFT_VERSION = 4.0;
				TARGET_NAME = PathIndexable;
			};
			name = Debug;
		};
		OBJ_330 /* Release */ = {
			isa = XCBuildConfiguration;
			buildSettings = {
				ENABLE_TESTABILITY = YES;
				FRAMEWORK_SEARCH_PATHS = (
					"$(inherited)",
					"$(PLATFORM_DIR)/Developer/Library/Frameworks",
				);
				HEADER_SEARCH_PATHS = "$(inherited)";
				INFOPLIST_FILE = Node.xcodeproj/PathIndexable_Info.plist;
				LD_RUNPATH_SEARCH_PATHS = "$(TOOLCHAIN_DIR)/usr/lib/swift/macosx";
				OTHER_LDFLAGS = "$(inherited)";
				OTHER_SWIFT_FLAGS = "$(inherited)";
				PRODUCT_BUNDLE_IDENTIFIER = PathIndexable;
				PRODUCT_MODULE_NAME = "$(TARGET_NAME:c99extidentifier)";
				PRODUCT_NAME = "$(TARGET_NAME:c99extidentifier)";
				SKIP_INSTALL = YES;
				SWIFT_VERSION = 4.0;
				TARGET_NAME = PathIndexable;
			};
			name = Release;
		};
		OBJ_337 /* Debug */ = {
			isa = XCBuildConfiguration;
			buildSettings = {
			};
			name = Debug;
		};
		OBJ_338 /* Release */ = {
			isa = XCBuildConfiguration;
			buildSettings = {
			};
			name = Release;
		};
		OBJ_4 /* Release */ = {
			isa = XCBuildConfiguration;
			buildSettings = {
				CLANG_ENABLE_OBJC_ARC = YES;
				COMBINE_HIDPI_IMAGES = YES;
				COPY_PHASE_STRIP = YES;
				DEBUG_INFORMATION_FORMAT = "dwarf-with-dsym";
				DYLIB_INSTALL_NAME_BASE = "@rpath";
				GCC_OPTIMIZATION_LEVEL = s;
				MACOSX_DEPLOYMENT_TARGET = 10.10;
				OTHER_SWIFT_FLAGS = "-DXcode";
				PRODUCT_NAME = "$(TARGET_NAME)";
				SDKROOT = iphoneos;
				SUPPORTED_PLATFORMS = "iphonesimulator iphoneos";
				SWIFT_ACTIVE_COMPILATION_CONDITIONS = SWIFT_PACKAGE;
				SWIFT_OPTIMIZATION_LEVEL = "-Owholemodule";
				USE_HEADERMAP = NO;
			};
			name = Release;
		};
/* End XCBuildConfiguration section */

/* Begin XCConfigurationList section */
		OBJ_138 /* Build configuration list for PBXNativeTarget "NodePackageDescription" */ = {
			isa = XCConfigurationList;
			buildConfigurations = (
				OBJ_139 /* Debug */,
				OBJ_140 /* Release */,
			);
			defaultConfigurationIsVisible = 0;
			defaultConfigurationName = Debug;
		};
		OBJ_144 /* Build configuration list for PBXNativeTarget "CorePackageDescription" */ = {
			isa = XCConfigurationList;
			buildConfigurations = (
				OBJ_145 /* Debug */,
				OBJ_146 /* Release */,
			);
			defaultConfigurationIsVisible = 0;
			defaultConfigurationName = Debug;
		};
		OBJ_150 /* Build configuration list for PBXNativeTarget "DebuggingPackageDescription" */ = {
			isa = XCConfigurationList;
			buildConfigurations = (
				OBJ_151 /* Debug */,
				OBJ_152 /* Release */,
			);
			defaultConfigurationIsVisible = 0;
			defaultConfigurationName = Debug;
		};
		OBJ_156 /* Build configuration list for PBXNativeTarget "BitsPackageDescription" */ = {
			isa = XCConfigurationList;
			buildConfigurations = (
				OBJ_157 /* Debug */,
				OBJ_158 /* Release */,
			);
			defaultConfigurationIsVisible = 0;
			defaultConfigurationName = Debug;
		};
		OBJ_162 /* Build configuration list for PBXNativeTarget "NodeTests" */ = {
			isa = XCConfigurationList;
			buildConfigurations = (
				OBJ_163 /* Debug */,
				OBJ_164 /* Release */,
			);
			defaultConfigurationIsVisible = 0;
			defaultConfigurationName = Debug;
		};
		OBJ_197 /* Build configuration list for PBXNativeTarget "PathIndexableTests" */ = {
			isa = XCConfigurationList;
			buildConfigurations = (
				OBJ_198 /* Debug */,
				OBJ_199 /* Release */,
			);
			defaultConfigurationIsVisible = 0;
			defaultConfigurationName = Debug;
		};
		OBJ_2 /* Build configuration list for PBXProject "node" */ = {
			isa = XCConfigurationList;
			buildConfigurations = (
				OBJ_3 /* Debug */,
				OBJ_4 /* Release */,
			);
			defaultConfigurationIsVisible = 0;
			defaultConfigurationName = Debug;
		};
		OBJ_205 /* Build configuration list for PBXNativeTarget "Node" */ = {
			isa = XCConfigurationList;
			buildConfigurations = (
				OBJ_206 /* Debug */,
				OBJ_207 /* Release */,
			);
			defaultConfigurationIsVisible = 0;
			defaultConfigurationName = Debug;
		};
		OBJ_258 /* Build configuration list for PBXNativeTarget "Core" */ = {
			isa = XCConfigurationList;
			buildConfigurations = (
				OBJ_259 /* Debug */,
				OBJ_260 /* Release */,
			);
			defaultConfigurationIsVisible = 0;
			defaultConfigurationName = Debug;
		};
		OBJ_292 /* Build configuration list for PBXNativeTarget "Debugging" */ = {
			isa = XCConfigurationList;
			buildConfigurations = (
				OBJ_293 /* Debug */,
				OBJ_294 /* Release */,
			);
			defaultConfigurationIsVisible = 0;
			defaultConfigurationName = Debug;
		};
		OBJ_298 /* Build configuration list for PBXNativeTarget "libc" */ = {
			isa = XCConfigurationList;
			buildConfigurations = (
				OBJ_299 /* Debug */,
				OBJ_300 /* Release */,
			);
			defaultConfigurationIsVisible = 0;
			defaultConfigurationName = Debug;
		};
		OBJ_304 /* Build configuration list for PBXNativeTarget "Bits" */ = {
			isa = XCConfigurationList;
			buildConfigurations = (
				OBJ_305 /* Debug */,
				OBJ_306 /* Release */,
			);
			defaultConfigurationIsVisible = 0;
			defaultConfigurationName = Debug;
		};
		OBJ_328 /* Build configuration list for PBXNativeTarget "PathIndexable" */ = {
			isa = XCConfigurationList;
			buildConfigurations = (
				OBJ_329 /* Debug */,
				OBJ_330 /* Release */,
			);
			defaultConfigurationIsVisible = 0;
			defaultConfigurationName = Debug;
		};
		OBJ_336 /* Build configuration list for PBXAggregateTarget "NodePackageTests" */ = {
			isa = XCConfigurationList;
			buildConfigurations = (
				OBJ_337 /* Debug */,
				OBJ_338 /* Release */,
			);
			defaultConfigurationIsVisible = 0;
			defaultConfigurationName = Debug;
		};
/* End XCConfigurationList section */
	};
	rootObject = OBJ_1 /* Project object */;
}
